
Microsoft Visual Studio Solution File, Format Version 12.00
# Visual Studio 15
VisualStudioVersion = 15.0.28307.438
MinimumVisualStudioVersion = 10.0.40219.1
Project("{9A19103F-16F7-4668-BE54-9A1E7A4F7556}") = "webapp", "webapp.csproj", "{DA8AC956-6C1A-4C01-96F8-5820E9E631BF}"
EndProject
Global
	GlobalSection(SolutionConfigurationPlatforms) = preSolution
		Debug|Any CPU = Debug|Any CPU
		Release|Any CPU = Release|Any CPU
	EndGlobalSection
	GlobalSection(ProjectConfigurationPlatforms) = postSolution
		{DA8AC956-6C1A-4C01-96F8-5820E9E631BF}.Debug|Any CPU.ActiveCfg = Debug|Any CPU
		{DA8AC956-6C1A-4C01-96F8-5820E9E631BF}.Debug|Any CPU.Build.0 = Debug|Any CPU
		{DA8AC956-6C1A-4C01-96F8-5820E9E631BF}.Release|Any CPU.ActiveCfg = Release|Any CPU
		{DA8AC956-6C1A-4C01-96F8-5820E9E631BF}.Release|Any CPU.Build.0 = Release|Any CPU
	EndGlobalSection
	GlobalSection(SolutionProperties) = preSolution
		HideSolutionNode = FALSE
	EndGlobalSection
	GlobalSection(ExtensibilityGlobals) = postSolution
		SolutionGuid = {169DAC08-D564-4201-A897-C07ABB92C678}
	EndGlobalSection
EndGlobal
